
Microsoft Visual Studio Solution File, Format Version 12.00
# Visual Studio Version 16
VisualStudioVersion = 16.0.34407.143
MinimumVisualStudioVersion = 10.0.40219.1
Project("{FAE04EC0-301F-11D3-BF4B-00C04F79EFBC}") = "Tripple A Supermart Management System", "Tripple A Supermart Management System\Tripple A Supermart Management System.csproj", "{AFC960BD-89AD-451E-AAB9-A09F49238F85}"
EndProject
Global
	GlobalSection(SolutionConfigurationPlatforms) = preSolution
		Debug|Any CPU = Debug|Any CPU
		Release|Any CPU = Release|Any CPU
	EndGlobalSection
	GlobalSection(ProjectConfigurationPlatforms) = postSolution
		{AFC960BD-89AD-451E-AAB9-A09F49238F85}.Debug|Any CPU.ActiveCfg = Debug|Any CPU
		{AFC960BD-89AD-451E-AAB9-A09F49238F85}.Debug|Any CPU.Build.0 = Debug|Any CPU
		{AFC960BD-89AD-451E-AAB9-A09F49238F85}.Release|Any CPU.ActiveCfg = Release|Any CPU
		{AFC960BD-89AD-451E-AAB9-A09F49238F85}.Release|Any CPU.Build.0 = Release|Any CPU
	EndGlobalSection
	GlobalSection(SolutionProperties) = preSolution
		HideSolutionNode = FALSE
	EndGlobalSection
	GlobalSection(ExtensibilityGlobals) = postSolution
		SolutionGuid = {D73EDA5D-C1FF-4791-880A-7498011426DF}
	EndGlobalSection
EndGlobal
